
Microsoft Visual Studio Solution File, Format Version 12.00
# Visual Studio Version 16
VisualStudioVersion = 16.0.31019.35
MinimumVisualStudioVersion = 10.0.40219.1
Project("{FAE04EC0-301F-11D3-BF4B-00C04F79EFBC}") = "BasicProject1", "BasicProject1\BasicProject1.csproj", "{4DE041D9-4F0C-42AB-B963-CD2300D43433}"
EndProject
Global
	GlobalSection(SolutionConfigurationPlatforms) = preSolution
		Debug|Any CPU = Debug|Any CPU
		Release|Any CPU = Release|Any CPU
	EndGlobalSection
	GlobalSection(ProjectConfigurationPlatforms) = postSolution
		{4DE041D9-4F0C-42AB-B963-CD2300D43433}.Debug|Any CPU.ActiveCfg = Debug|Any CPU
		{4DE041D9-4F0C-42AB-B963-CD2300D43433}.Debug|Any CPU.Build.0 = Debug|Any CPU
		{4DE041D9-4F0C-42AB-B963-CD2300D43433}.Release|Any CPU.ActiveCfg = Release|Any CPU
		{4DE041D9-4F0C-42AB-B963-CD2300D43433}.Release|Any CPU.Build.0 = Release|Any CPU
	EndGlobalSection
	GlobalSection(SolutionProperties) = preSolution
		HideSolutionNode = FALSE
	EndGlobalSection
	GlobalSection(ExtensibilityGlobals) = postSolution
		SolutionGuid = {D1574E4C-BCB4-4888-9C28-970EDFAE19ED}
	EndGlobalSection
EndGlobal
